
Microsoft Visual Studio Solution File, Format Version 12.00
# Visual Studio Version 17
VisualStudioVersion = 17.3.32929.385
MinimumVisualStudioVersion = 10.0.40219.1
Project("{FAE04EC0-301F-11D3-BF4B-00C04F79EFBC}") = "DbClientApp", "DbClientApp\DbClientApp.csproj", "{A7680B62-13C0-43C0-9959-45B07572725F}"
EndProject
Global
	GlobalSection(SolutionConfigurationPlatforms) = preSolution
		Debug|Any CPU = Debug|Any CPU
		Release|Any CPU = Release|Any CPU
	EndGlobalSection
	GlobalSection(ProjectConfigurationPlatforms) = postSolution
		{A7680B62-13C0-43C0-9959-45B07572725F}.Debug|Any CPU.ActiveCfg = Debug|Any CPU
		{A7680B62-13C0-43C0-9959-45B07572725F}.Debug|Any CPU.Build.0 = Debug|Any CPU
		{A7680B62-13C0-43C0-9959-45B07572725F}.Release|Any CPU.ActiveCfg = Release|Any CPU
		{A7680B62-13C0-43C0-9959-45B07572725F}.Release|Any CPU.Build.0 = Release|Any CPU
	EndGlobalSection
	GlobalSection(SolutionProperties) = preSolution
		HideSolutionNode = FALSE
	EndGlobalSection
	GlobalSection(ExtensibilityGlobals) = postSolution
		SolutionGuid = {BCD2895E-1F92-4108-9AA7-EE37C8BF187B}
	EndGlobalSection
EndGlobal
